
Microsoft Visual Studio Solution File, Format Version 12.00
# Visual Studio Version 16
VisualStudioVersion = 16.0.32228.343
MinimumVisualStudioVersion = 10.0.40219.1
Project("{FAE04EC0-301F-11D3-BF4B-00C04F79EFBC}") = "RealEstates.Data", "RealEstates.Data\RealEstates.Data.csproj", "{ECF30E0C-61C0-44A8-9353-E9C5B8F93058}"
EndProject
Project("{FAE04EC0-301F-11D3-BF4B-00C04F79EFBC}") = "RealEstates.Models", "RealEstates.Models\RealEstates.Models.csproj", "{5C6FA287-AD76-48F9-9816-A7D4B01DD969}"
EndProject
Project("{FAE04EC0-301F-11D3-BF4B-00C04F79EFBC}") = "RealEstates.Services", "RealEstates.Services\RealEstates.Services.csproj", "{862E22A3-1732-4DFA-B9DA-302FA2D272DB}"
EndProject
Project("{FAE04EC0-301F-11D3-BF4B-00C04F79EFBC}") = "RealEstates.Importer", "RealEstates.Importer\RealEstates.Importer.csproj", "{A3687170-8CFF-4153-836A-9325996B18EA}"
EndProject
Project("{FAE04EC0-301F-11D3-BF4B-00C04F79EFBC}") = "RealEstates.ConsoleApplication", "RealEstates.ConsoleApplication\RealEstates.ConsoleApplication.csproj", "{066C29F3-91C8-497E-8956-8ED92878BD20}"
EndProject
Global
	GlobalSection(SolutionConfigurationPlatforms) = preSolution
		Debug|Any CPU = Debug|Any CPU
		Release|Any CPU = Release|Any CPU
	EndGlobalSection
	GlobalSection(ProjectConfigurationPlatforms) = postSolution
		{ECF30E0C-61C0-44A8-9353-E9C5B8F93058}.Debug|Any CPU.ActiveCfg = Debug|Any CPU
		{ECF30E0C-61C0-44A8-9353-E9C5B8F93058}.Debug|Any CPU.Build.0 = Debug|Any CPU
		{ECF30E0C-61C0-44A8-9353-E9C5B8F93058}.Release|Any CPU.ActiveCfg = Release|Any CPU
		{ECF30E0C-61C0-44A8-9353-E9C5B8F93058}.Release|Any CPU.Build.0 = Release|Any CPU
		{5C6FA287-AD76-48F9-9816-A7D4B01DD969}.Debug|Any CPU.ActiveCfg = Debug|Any CPU
		{5C6FA287-AD76-48F9-9816-A7D4B01DD969}.Debug|Any CPU.Build.0 = Debug|Any CPU
		{5C6FA287-AD76-48F9-9816-A7D4B01DD969}.Release|Any CPU.ActiveCfg = Release|Any CPU
		{5C6FA287-AD76-48F9-9816-A7D4B01DD969}.Release|Any CPU.Build.0 = Release|Any CPU
		{862E22A3-1732-4DFA-B9DA-302FA2D272DB}.Debug|Any CPU.ActiveCfg = Debug|Any CPU
		{862E22A3-1732-4DFA-B9DA-302FA2D272DB}.Debug|Any CPU.Build.0 = Debug|Any CPU
		{862E22A3-1732-4DFA-B9DA-302FA2D272DB}.Release|Any CPU.ActiveCfg = Release|Any CPU
		{862E22A3-1732-4DFA-B9DA-302FA2D272DB}.Release|Any CPU.Build.0 = Release|Any CPU
		{A3687170-8CFF-4153-836A-9325996B18EA}.Debug|Any CPU.ActiveCfg = Debug|Any CPU
		{A3687170-8CFF-4153-836A-9325996B18EA}.Debug|Any CPU.Build.0 = Debug|Any CPU
		{A3687170-8CFF-4153-836A-9325996B18EA}.Release|Any CPU.ActiveCfg = Release|Any CPU
		{A3687170-8CFF-4153-836A-9325996B18EA}.Release|Any CPU.Build.0 = Release|Any CPU
		{066C29F3-91C8-497E-8956-8ED92878BD20}.Debug|Any CPU.ActiveCfg = Debug|Any CPU
		{066C29F3-91C8-497E-8956-8ED92878BD20}.Debug|Any CPU.Build.0 = Debug|Any CPU
		{066C29F3-91C8-497E-8956-8ED92878BD20}.Release|Any CPU.ActiveCfg = Release|Any CPU
		{066C29F3-91C8-497E-8956-8ED92878BD20}.Release|Any CPU.Build.0 = Release|Any CPU
	EndGlobalSection
	GlobalSection(SolutionProperties) = preSolution
		HideSolutionNode = FALSE
	EndGlobalSection
	GlobalSection(ExtensibilityGlobals) = postSolution
		SolutionGuid = {61256A45-29BE-405B-BA98-5E9ED1173E86}
	EndGlobalSection
EndGlobal
