
Microsoft Visual Studio Solution File, Format Version 12.00
# Visual Studio Version 16
VisualStudioVersion = 16.0.31729.503
MinimumVisualStudioVersion = 10.0.40219.1
Project("{9A19103F-16F7-4668-BE54-9A1E7A4F7556}") = "DatabaseFirstDemo", "EntityFrameworkCoreIntroductionDemo\DatabaseFirstDemo.csproj", "{3C019280-FD61-400E-A8EC-1D521104BA29}"
EndProject
Project("{FAE04EC0-301F-11D3-BF4B-00C04F79EFBC}") = "CodeFirstDemo", "CodeFirstDemo\CodeFirstDemo.csproj", "{F6B4C350-A62D-48B5-BBD3-F749A417FFA1}"
EndProject
Global
	GlobalSection(SolutionConfigurationPlatforms) = preSolution
		Debug|Any CPU = Debug|Any CPU
		Release|Any CPU = Release|Any CPU
	EndGlobalSection
	GlobalSection(ProjectConfigurationPlatforms) = postSolution
		{3C019280-FD61-400E-A8EC-1D521104BA29}.Debug|Any CPU.ActiveCfg = Debug|Any CPU
		{3C019280-FD61-400E-A8EC-1D521104BA29}.Debug|Any CPU.Build.0 = Debug|Any CPU
		{3C019280-FD61-400E-A8EC-1D521104BA29}.Release|Any CPU.ActiveCfg = Release|Any CPU
		{3C019280-FD61-400E-A8EC-1D521104BA29}.Release|Any CPU.Build.0 = Release|Any CPU
		{F6B4C350-A62D-48B5-BBD3-F749A417FFA1}.Debug|Any CPU.ActiveCfg = Debug|Any CPU
		{F6B4C350-A62D-48B5-BBD3-F749A417FFA1}.Debug|Any CPU.Build.0 = Debug|Any CPU
		{F6B4C350-A62D-48B5-BBD3-F749A417FFA1}.Release|Any CPU.ActiveCfg = Release|Any CPU
		{F6B4C350-A62D-48B5-BBD3-F749A417FFA1}.Release|Any CPU.Build.0 = Release|Any CPU
	EndGlobalSection
	GlobalSection(SolutionProperties) = preSolution
		HideSolutionNode = FALSE
	EndGlobalSection
	GlobalSection(ExtensibilityGlobals) = postSolution
		SolutionGuid = {8518E385-DA97-4D91-9A51-7A7768CB7C83}
	EndGlobalSection
EndGlobal
