
Microsoft Visual Studio Solution File, Format Version 12.00
# Visual Studio Version 16
VisualStudioVersion = 16.0.32002.261
MinimumVisualStudioVersion = 10.0.40219.1
Project("{FAE04EC0-301F-11D3-BF4B-00C04F79EFBC}") = "AutoMappingDemo", "AutoMappingDemo\AutoMappingDemo.csproj", "{14259AA8-6A38-4F5A-9EC6-C90A3BB223F6}"
EndProject
Global
	GlobalSection(SolutionConfigurationPlatforms) = preSolution
		Debug|Any CPU = Debug|Any CPU
		Release|Any CPU = Release|Any CPU
	EndGlobalSection
	GlobalSection(ProjectConfigurationPlatforms) = postSolution
		{14259AA8-6A38-4F5A-9EC6-C90A3BB223F6}.Debug|Any CPU.ActiveCfg = Debug|Any CPU
		{14259AA8-6A38-4F5A-9EC6-C90A3BB223F6}.Debug|Any CPU.Build.0 = Debug|Any CPU
		{14259AA8-6A38-4F5A-9EC6-C90A3BB223F6}.Release|Any CPU.ActiveCfg = Release|Any CPU
		{14259AA8-6A38-4F5A-9EC6-C90A3BB223F6}.Release|Any CPU.Build.0 = Release|Any CPU
	EndGlobalSection
	GlobalSection(SolutionProperties) = preSolution
		HideSolutionNode = FALSE
	EndGlobalSection
	GlobalSection(ExtensibilityGlobals) = postSolution
		SolutionGuid = {723FBBA4-55F9-442A-A910-5666B3B0FE5D}
	EndGlobalSection
EndGlobal
